
Microsoft Visual Studio Solution File, Format Version 12.00
# Visual Studio Version 17
VisualStudioVersion = 17.11.35222.181
MinimumVisualStudioVersion = 10.0.40219.1
Project("{9A19103F-16F7-4668-BE54-9A1E7A4F7556}") = "FuelStationWebApi", "FuelStationWebApi\FuelStationWebApi.csproj", "{F13FDBF7-3494-4518-B599-6BBE89905554}"
EndProject
Project("{9A19103F-16F7-4668-BE54-9A1E7A4F7556}") = "Tests", "Tests\Tests.csproj", "{58139737-7217-4B34-A5A9-35C4A67F555C}"
	ProjectSection(ProjectDependencies) = postProject
		{F13FDBF7-3494-4518-B599-6BBE89905554} = {F13FDBF7-3494-4518-B599-6BBE89905554}
	EndProjectSection
EndProject
Global
	GlobalSection(SolutionConfigurationPlatforms) = preSolution
		Debug|Any CPU = Debug|Any CPU
		Release|Any CPU = Release|Any CPU
	EndGlobalSection
	GlobalSection(ProjectConfigurationPlatforms) = postSolution
		{F13FDBF7-3494-4518-B599-6BBE89905554}.Debug|Any CPU.ActiveCfg = Debug|Any CPU
		{F13FDBF7-3494-4518-B599-6BBE89905554}.Debug|Any CPU.Build.0 = Debug|Any CPU
		{F13FDBF7-3494-4518-B599-6BBE89905554}.Release|Any CPU.ActiveCfg = Release|Any CPU
		{F13FDBF7-3494-4518-B599-6BBE89905554}.Release|Any CPU.Build.0 = Release|Any CPU
		{58139737-7217-4B34-A5A9-35C4A67F555C}.Debug|Any CPU.ActiveCfg = Debug|Any CPU
		{58139737-7217-4B34-A5A9-35C4A67F555C}.Debug|Any CPU.Build.0 = Debug|Any CPU
		{58139737-7217-4B34-A5A9-35C4A67F555C}.Release|Any CPU.ActiveCfg = Release|Any CPU
		{58139737-7217-4B34-A5A9-35C4A67F555C}.Release|Any CPU.Build.0 = Release|Any CPU
	EndGlobalSection
	GlobalSection(SolutionProperties) = preSolution
		HideSolutionNode = FALSE
	EndGlobalSection
	GlobalSection(ExtensibilityGlobals) = postSolution
		SolutionGuid = {AB44B4A4-39DE-48F9-939E-E3A14A00C456}
	EndGlobalSection
EndGlobal
